github.com/de-wax/go-pkg/dewpoint v0.0.0-20200831104228-a5a606b51a6f h1:+y+QglneLk5O9ayUh1dJmPj1G8TeetQEqAH9ztT2L8k=
github.com/de-wax/go-pkg/dewpoint v0.0.0-20200831104228-a5a606b51a6f/go.mod h1:DTGpUrN+tWppdEtA+6sKmHz/r3fdbXOTEbzboElHOpE=
github.com/de-wax/go-pkg/dewpoint v0.0.0-20210914081452-89bc1c214ed1 h1:QT2vKV52SHeH5hq5wlEtd7131Um44EGeqCSYn0EmKwQ=
github.com/de-wax/go-pkg/dewpoint v0.0.0-20210914081452-89bc1c214ed1/go.mod h1:nNVIZTeTGsc5+Cguv8e/YGt2rcM3J8pI5HtnLpIACls=
